
Microsoft Visual Studio Solution File, Format Version 12.00
# Visual Studio 15
VisualStudioVersion = 15.0.28010.2036
MinimumVisualStudioVersion = 10.0.40219.1
Project("{FAE04EC0-301F-11D3-BF4B-00C04F79EFBC}") = "SetupEnvironment", "SetupEnvironment\SetupEnvironment.csproj", "{6C0EFCBF-26B8-41A8-806E-622D0F15A029}"
EndProject
Global
	GlobalSection(SolutionConfigurationPlatforms) = preSolution
		Debug|Any CPU = Debug|Any CPU
		Release|Any CPU = Release|Any CPU
	EndGlobalSection
	GlobalSection(ProjectConfigurationPlatforms) = postSolution
		{6C0EFCBF-26B8-41A8-806E-622D0F15A029}.Debug|Any CPU.ActiveCfg = Debug|Any CPU
		{6C0EFCBF-26B8-41A8-806E-622D0F15A029}.Debug|Any CPU.Build.0 = Debug|Any CPU
		{6C0EFCBF-26B8-41A8-806E-622D0F15A029}.Release|Any CPU.ActiveCfg = Release|Any CPU
		{6C0EFCBF-26B8-41A8-806E-622D0F15A029}.Release|Any CPU.Build.0 = Release|Any CPU
	EndGlobalSection
	GlobalSection(SolutionProperties) = preSolution
		HideSolutionNode = FALSE
	EndGlobalSection
	GlobalSection(ExtensibilityGlobals) = postSolution
		SolutionGuid = {87AF45A4-ED3E-409F-9A13-162C7533D8CE}
	EndGlobalSection
EndGlobal
