
Microsoft Visual Studio Solution File, Format Version 12.00
# Visual Studio 15
VisualStudioVersion = 15.0.28010.2036
MinimumVisualStudioVersion = 10.0.40219.1
Project("{FAE04EC0-301F-11D3-BF4B-00C04F79EFBC}") = "01. Name Selector", "SetupEnvironment\01. Name Selector.csproj", "{6C0EFCBF-26B8-41A8-806E-622D0F15A029}"
EndProject
Project("{FAE04EC0-301F-11D3-BF4B-00C04F79EFBC}") = "02. ID Selector", "02. ID Selector\02. ID Selector.csproj", "{B43ED4A9-AFEE-4423-99C0-14E9B81603E9}"
EndProject
Project("{FAE04EC0-301F-11D3-BF4B-00C04F79EFBC}") = "03. Class Name", "03. Class Name\03. Class Name.csproj", "{A8B72E17-2E92-444B-B736-D3C0BF7D07C0}"
EndProject
Project("{FAE04EC0-301F-11D3-BF4B-00C04F79EFBC}") = "04. cssPath e xPath", "04. cssPath e xPath\04. cssPath e xPath.csproj", "{D498DE42-2860-4681-BB60-0636F7316A2E}"
EndProject
Project("{FAE04EC0-301F-11D3-BF4B-00C04F79EFBC}") = "05. NoSuchElementException", "05. NoSuchElementException\05. NoSuchElementException.csproj", "{5857D627-124A-4101-972B-63DDD31924E7}"
EndProject
Project("{FAE04EC0-301F-11D3-BF4B-00C04F79EFBC}") = "06. Input Text Box", "06. Input Text Box\06. Input Text Box.csproj", "{A4C8FCB4-1C45-4DF6-8FBE-B2D28ABACC93}"
EndProject
Project("{FAE04EC0-301F-11D3-BF4B-00C04F79EFBC}") = "07. Check Box", "07. Check Box\07. Check Box.csproj", "{33D78DD9-5AC6-4CB9-9C72-56FDFA347C4F}"
EndProject
Project("{FAE04EC0-301F-11D3-BF4B-00C04F79EFBC}") = "08. Radio Button", "08. Radio Button\08. Radio Button.csproj", "{7A6086BF-4276-44BB-9EA4-3524DF01461C}"
EndProject
Global
	GlobalSection(SolutionConfigurationPlatforms) = preSolution
		Debug|Any CPU = Debug|Any CPU
		Release|Any CPU = Release|Any CPU
	EndGlobalSection
	GlobalSection(ProjectConfigurationPlatforms) = postSolution
		{6C0EFCBF-26B8-41A8-806E-622D0F15A029}.Debug|Any CPU.ActiveCfg = Debug|Any CPU
		{6C0EFCBF-26B8-41A8-806E-622D0F15A029}.Debug|Any CPU.Build.0 = Debug|Any CPU
		{6C0EFCBF-26B8-41A8-806E-622D0F15A029}.Release|Any CPU.ActiveCfg = Release|Any CPU
		{6C0EFCBF-26B8-41A8-806E-622D0F15A029}.Release|Any CPU.Build.0 = Release|Any CPU
		{B43ED4A9-AFEE-4423-99C0-14E9B81603E9}.Debug|Any CPU.ActiveCfg = Debug|Any CPU
		{B43ED4A9-AFEE-4423-99C0-14E9B81603E9}.Debug|Any CPU.Build.0 = Debug|Any CPU
		{B43ED4A9-AFEE-4423-99C0-14E9B81603E9}.Release|Any CPU.ActiveCfg = Release|Any CPU
		{B43ED4A9-AFEE-4423-99C0-14E9B81603E9}.Release|Any CPU.Build.0 = Release|Any CPU
		{A8B72E17-2E92-444B-B736-D3C0BF7D07C0}.Debug|Any CPU.ActiveCfg = Debug|Any CPU
		{A8B72E17-2E92-444B-B736-D3C0BF7D07C0}.Debug|Any CPU.Build.0 = Debug|Any CPU
		{A8B72E17-2E92-444B-B736-D3C0BF7D07C0}.Release|Any CPU.ActiveCfg = Release|Any CPU
		{A8B72E17-2E92-444B-B736-D3C0BF7D07C0}.Release|Any CPU.Build.0 = Release|Any CPU
		{D498DE42-2860-4681-BB60-0636F7316A2E}.Debug|Any CPU.ActiveCfg = Debug|Any CPU
		{D498DE42-2860-4681-BB60-0636F7316A2E}.Debug|Any CPU.Build.0 = Debug|Any CPU
		{D498DE42-2860-4681-BB60-0636F7316A2E}.Release|Any CPU.ActiveCfg = Release|Any CPU
		{D498DE42-2860-4681-BB60-0636F7316A2E}.Release|Any CPU.Build.0 = Release|Any CPU
		{5857D627-124A-4101-972B-63DDD31924E7}.Debug|Any CPU.ActiveCfg = Debug|Any CPU
		{5857D627-124A-4101-972B-63DDD31924E7}.Debug|Any CPU.Build.0 = Debug|Any CPU
		{5857D627-124A-4101-972B-63DDD31924E7}.Release|Any CPU.ActiveCfg = Release|Any CPU
		{5857D627-124A-4101-972B-63DDD31924E7}.Release|Any CPU.Build.0 = Release|Any CPU
		{A4C8FCB4-1C45-4DF6-8FBE-B2D28ABACC93}.Debug|Any CPU.ActiveCfg = Debug|Any CPU
		{A4C8FCB4-1C45-4DF6-8FBE-B2D28ABACC93}.Debug|Any CPU.Build.0 = Debug|Any CPU
		{A4C8FCB4-1C45-4DF6-8FBE-B2D28ABACC93}.Release|Any CPU.ActiveCfg = Release|Any CPU
		{A4C8FCB4-1C45-4DF6-8FBE-B2D28ABACC93}.Release|Any CPU.Build.0 = Release|Any CPU
		{33D78DD9-5AC6-4CB9-9C72-56FDFA347C4F}.Debug|Any CPU.ActiveCfg = Debug|Any CPU
		{33D78DD9-5AC6-4CB9-9C72-56FDFA347C4F}.Debug|Any CPU.Build.0 = Debug|Any CPU
		{33D78DD9-5AC6-4CB9-9C72-56FDFA347C4F}.Release|Any CPU.ActiveCfg = Release|Any CPU
		{33D78DD9-5AC6-4CB9-9C72-56FDFA347C4F}.Release|Any CPU.Build.0 = Release|Any CPU
		{7A6086BF-4276-44BB-9EA4-3524DF01461C}.Debug|Any CPU.ActiveCfg = Debug|Any CPU
		{7A6086BF-4276-44BB-9EA4-3524DF01461C}.Debug|Any CPU.Build.0 = Debug|Any CPU
		{7A6086BF-4276-44BB-9EA4-3524DF01461C}.Release|Any CPU.ActiveCfg = Release|Any CPU
		{7A6086BF-4276-44BB-9EA4-3524DF01461C}.Release|Any CPU.Build.0 = Release|Any CPU
	EndGlobalSection
	GlobalSection(SolutionProperties) = preSolution
		HideSolutionNode = FALSE
	EndGlobalSection
	GlobalSection(ExtensibilityGlobals) = postSolution
		SolutionGuid = {87AF45A4-ED3E-409F-9A13-162C7533D8CE}
	EndGlobalSection
EndGlobal
